{
  "name": "mawdbot-launcher",
  "version": "1.0.0",
  "lockfileVersion": 3,
  "requires": true,
  "packages": {
    "": {
      "name": "mawdbot-launcher",
      "version": "1.0.0",
      "dependencies": {
        "unicode-animations": "^1.0.3"
      }
    },
    "node_modules/unicode-animations": {
      "version": "1.0.3",
      "resolved": "https://registry.npmjs.org/unicode-animations/-/unicode-animations-1.0.3.tgz",
      "integrity": "sha512-+klB2oWwcYZjYWhwP4Pr8UZffWDFVx6jKeIahE6z0QYyM2dwDeDPyn5nevCYbyotxvtT9lh21cVURO1RX0+YMg==",
      "hasInstallScript": true,
      "license": "MIT",
      "dependencies": {
        "unicode-animations": "^1.0.1"
      },
      "bin": {
        "unicode-animations": "scripts/demo.cjs"
      }
    }
  }
}
